Microsoft Visual Studio Solution File, Format Version 11.00
# Visual Studio 2008

Project("{5C3D4438-A72F-7F61-CDEF-8D4F7E4581AF}") = "unitygame", "Assembly-CSharp.csproj", "{D2BD4BA4-217D-B4CD-AA7C-35DE46F7FA02}"
EndProject
Global
	GlobalSection(SolutionConfigurationPlatforms) = preSolution
		Debug|Any CPU = Debug|Any CPU
		Release|Any CPU = Release|Any CPU
	EndGlobalSection
	GlobalSection(ProjectConfigurationPlatforms) = postSolution
		{D2BD4BA4-217D-B4CD-AA7C-35DE46F7FA02}.Debug|Any CPU.ActiveCfg = Debug|Any CPU
		{D2BD4BA4-217D-B4CD-AA7C-35DE46F7FA02}.Debug|Any CPU.Build.0 = Debug|Any CPU
		{D2BD4BA4-217D-B4CD-AA7C-35DE46F7FA02}.Release|Any CPU.ActiveCfg = Release|Any CPU
		{D2BD4BA4-217D-B4CD-AA7C-35DE46F7FA02}.Release|Any CPU.Build.0 = Release|Any CPU
	EndGlobalSection
	GlobalSection(SolutionProperties) = preSolution
		HideSolutionNode = FALSE
	EndGlobalSection
	GlobalSection(MonoDevelopProperties) = preSolution
		StartupItem = Assembly-CSharp.csproj
	EndGlobalSection
EndGlobal
